
Microsoft Visual Studio Solution File, Format Version 12.00
# Visual Studio Version 17
VisualStudioVersion = 17.10.35027.167
MinimumVisualStudioVersion = 10.0.40219.1
Project("{FAE04EC0-301F-11D3-BF4B-00C04F79EFBC}") = "SUZA_DIP", "SUZA_DIP\SUZA_DIP.csproj", "{3BED94C9-3BD8-496E-AD40-4ECB6E2B0DAF}"
EndProject
Global
	GlobalSection(SolutionConfigurationPlatforms) = preSolution
		Debug|Any CPU = Debug|Any CPU
		Release|Any CPU = Release|Any CPU
	EndGlobalSection
	GlobalSection(ProjectConfigurationPlatforms) = postSolution
		{3BED94C9-3BD8-496E-AD40-4ECB6E2B0DAF}.Debug|Any CPU.ActiveCfg = Debug|Any CPU
		{3BED94C9-3BD8-496E-AD40-4ECB6E2B0DAF}.Debug|Any CPU.Build.0 = Debug|Any CPU
		{3BED94C9-3BD8-496E-AD40-4ECB6E2B0DAF}.Release|Any CPU.ActiveCfg = Release|Any CPU
		{3BED94C9-3BD8-496E-AD40-4ECB6E2B0DAF}.Release|Any CPU.Build.0 = Release|Any CPU
	EndGlobalSection
	GlobalSection(SolutionProperties) = preSolution
		HideSolutionNode = FALSE
	EndGlobalSection
	GlobalSection(ExtensibilityGlobals) = postSolution
		SolutionGuid = {67C54C8F-4A1B-4BCD-83D9-97FAEC695211}
	EndGlobalSection
EndGlobal
